
Microsoft Visual Studio Solution File, Format Version 12.00
# Visual Studio Version 17
VisualStudioVersion = 17.1.32421.90
MinimumVisualStudioVersion = 10.0.40219.1
Project("{9A19103F-16F7-4668-BE54-9A1E7A4F7556}") = "xxl-conf-core", "xxl-conf-core\xxl-conf-core.csproj", "{7C75ADF6-FDD0-48BE-91D0-FA15B531BB03}"
EndProject
Project("{9A19103F-16F7-4668-BE54-9A1E7A4F7556}") = "ApiDemo", "ApiDemo\ApiDemo.csproj", "{727CCD7B-0446-4710-9C94-0C649CEED65B}"
EndProject
Global
	GlobalSection(SolutionConfigurationPlatforms) = preSolution
		Debug|Any CPU = Debug|Any CPU
		Release|Any CPU = Release|Any CPU
	EndGlobalSection
	GlobalSection(ProjectConfigurationPlatforms) = postSolution
		{7C75ADF6-FDD0-48BE-91D0-FA15B531BB03}.Debug|Any CPU.ActiveCfg = Debug|Any CPU
		{7C75ADF6-FDD0-48BE-91D0-FA15B531BB03}.Debug|Any CPU.Build.0 = Debug|Any CPU
		{7C75ADF6-FDD0-48BE-91D0-FA15B531BB03}.Release|Any CPU.ActiveCfg = Release|Any CPU
		{7C75ADF6-FDD0-48BE-91D0-FA15B531BB03}.Release|Any CPU.Build.0 = Release|Any CPU
		{727CCD7B-0446-4710-9C94-0C649CEED65B}.Debug|Any CPU.ActiveCfg = Debug|Any CPU
		{727CCD7B-0446-4710-9C94-0C649CEED65B}.Debug|Any CPU.Build.0 = Debug|Any CPU
		{727CCD7B-0446-4710-9C94-0C649CEED65B}.Release|Any CPU.ActiveCfg = Release|Any CPU
		{727CCD7B-0446-4710-9C94-0C649CEED65B}.Release|Any CPU.Build.0 = Release|Any CPU
	EndGlobalSection
	GlobalSection(SolutionProperties) = preSolution
		HideSolutionNode = FALSE
	EndGlobalSection
	GlobalSection(ExtensibilityGlobals) = postSolution
		SolutionGuid = {9468417A-6FAB-4A56-85A7-E56184436050}
	EndGlobalSection
EndGlobal
